// !$*UTF8*$!
{
	archiveVersion = 1;
	classes = {
	};
	objectVersion = 50;
	objects = {

/* Begin PBXBuildFile section */
		843F8A7925FACFA5009EC810 /* DetailViewController.swift in Sources */ = {isa = PBXBuildFile; fileRef = 843F8A7825FACFA5009EC810 /* DetailViewController.swift */; };
		844268AF25F58DED00C6625D /* AppDelegate.swift in Sources */ = {isa = PBXBuildFile; fileRef = 844268AE25F58DED00C6625D /* AppDelegate.swift */; };
		844268B125F58DED00C6625D /* SceneDelegate.swift in Sources */ = {isa = PBXBuildFile; fileRef = 844268B025F58DED00C6625D /* SceneDelegate.swift */; };
		844268B325F58DED00C6625D /* ViewController.swift in Sources */ = {isa = PBXBuildFile; fileRef = 844268B225F58DED00C6625D /* ViewController.swift */; };
		844268B625F58DED00C6625D /* Main.storyboard in Resources */ = {isa = PBXBuildFile; fileRef = 844268B425F58DED00C6625D /* Main.storyboard */; };
		844268B825F58DF000C6625D /* Assets.xcassets in Resources */ = {isa = PBXBuildFile; fileRef = 844268B725F58DF000C6625D /* Assets.xcassets */; };
		844268BB25F58DF000C6625D /* LaunchScreen.storyboard in Resources */ = {isa = PBXBuildFile; fileRef = 844268B925F58DF000C6625D /* LaunchScreen.storyboard */; };
		844268C525F590D100C6625D /* countries.json in Resources */ = {isa = PBXBuildFile; fileRef = 844268C425F590D100C6625D /* countries.json */; };
		844268C825F593B300C6625D /* CountryTableViewCell.swift in Sources */ = {isa = PBXBuildFile; fileRef = 844268C725F593B300C6625D /* CountryTableViewCell.swift */; };
		844268CE25F5948400C6625D /* Country.swift in Sources */ = {isa = PBXBuildFile; fileRef = 844268CD25F5948400C6625D /* Country.swift */; };
/* End PBXBuildFile section */

/* Begin PBXFileReference section */
		843F8A7825FACFA5009EC810 /* DetailViewController.swift */ = {isa = PBXFileReference; lastKnownFileType = sourcecode.swift; path = DetailViewController.swift; sourceTree = "<group>"; };
		844268AB25F58DED00C6625D /* CountryInfo.app */ = {isa = PBXFileReference; explicitFileType = wrapper.application; includeInIndex = 0; path = CountryInfo.app; sourceTree = BUILT_PRODUCTS_DIR; };
		844268AE25F58DED00C6625D /* AppDelegate.swift */ = {isa = PBXFileReference; lastKnownFileType = sourcecode.swift; path = AppDelegate.swift; sourceTree = "<group>"; };
		844268B025F58DED00C6625D /* SceneDelegate.swift */ = {isa = PBXFileReference; lastKnownFileType = sourcecode.swift; path = SceneDelegate.swift; sourceTree = "<group>"; };
		844268B225F58DED00C6625D /* ViewController.swift */ = {isa = PBXFileReference; lastKnownFileType = sourcecode.swift; path = ViewController.swift; sourceTree = "<group>"; };
		844268B525F58DED00C6625D /* Base */ = {isa = PBXFileReference; lastKnownFileType = file.storyboard; name = Base; path = Base.lproj/Main.storyboard; sourceTree = "<group>"; };
		844268B725F58DF000C6625D /* Assets.xcassets */ = {isa = PBXFileReference; lastKnownFileType = folder.assetcatalog; path = Assets.xcassets; sourceTree = "<group>"; };
		844268BA25F58DF000C6625D /* Base */ = {isa = PBXFileReference; lastKnownFileType = file.storyboard; name = Base; path = Base.lproj/LaunchScreen.storyboard; sourceTree = "<group>"; };
		844268BC25F58DF000C6625D /* Info.plist */ = {isa = PBXFileReference; lastKnownFileType = text.plist.xml; path = Info.plist; sourceTree = "<group>"; };
		844268C425F590D100C6625D /* countries.json */ = {isa = PBXFileReference; fileEncoding = 4; lastKnownFileType = text.json; path = countries.json; sourceTree = "<group>"; };
		844268C725F593B300C6625D /* CountryTableViewCell.swift */ = {isa = PBXFileReference; lastKnownFileType = sourcecode.swift; path = CountryTableViewCell.swift; sourceTree = "<group>"; };
		844268CD25F5948400C6625D /* Country.swift */ = {isa = PBXFileReference; lastKnownFileType = sourcecode.swift; path = Country.swift; sourceTree = "<group>"; };
/* End PBXFileReference section */

/* Begin PBXFrameworksBuildPhase section */
		844268A825F58DED00C6625D /* Frameworks */ = {
			isa = PBXFrameworksBuildPhase;
			buildActionMask = 2147483647;
			files = (
			);
			runOnlyForDeploymentPostprocessing = 0;
		};
/* End PBXFrameworksBuildPhase section */

/* Begin PBXGroup section */
		844268A225F58DED00C6625D = {
			isa = PBXGroup;
			children = (
				844268AD25F58DED00C6625D /* CountryInfo */,
				844268AC25F58DED00C6625D /* Products */,
			);
			sourceTree = "<group>";
		};
		844268AC25F58DED00C6625D /* Products */ = {
			isa = PBXGroup;
			children = (
				844268AB25F58DED00C6625D /* CountryInfo.app */,
			);
			name = Products;
			sourceTree = "<group>";
		};
		844268AD25F58DED00C6625D /* CountryInfo */ = {
			isa = PBXGroup;
			children = (
				844268CC25F5946300C6625D /* Controller */,
				844268CB25F5946000C6625D /* View */,
				844268CA25F5945C00C6625D /* Model */,
				844268C325F590C800C6625D /* Content */,
				844268AE25F58DED00C6625D /* AppDelegate.swift */,
				844268B025F58DED00C6625D /* SceneDelegate.swift */,
				844268B725F58DF000C6625D /* Assets.xcassets */,
				844268BC25F58DF000C6625D /* Info.plist */,
			);
			path = CountryInfo;
			sourceTree = "<group>";
		};
		844268C325F590C800C6625D /* Content */ = {
			isa = PBXGroup;
			children = (
				844268C425F590D100C6625D /* countries.json */,
			);
			path = Content;
			sourceTree = "<group>";
		};
		844268CA25F5945C00C6625D /* Model */ = {
			isa = PBXGroup;
			children = (
				844268CD25F5948400C6625D /* Country.swift */,
			);
			path = Model;
			sourceTree = "<group>";
		};
		844268CB25F5946000C6625D /* View */ = {
			isa = PBXGroup;
			children = (
				844268B925F58DF000C6625D /* LaunchScreen.storyboard */,
				844268B425F58DED00C6625D /* Main.storyboard */,
				844268C725F593B300C6625D /* CountryTableViewCell.swift */,
			);
			path = View;
			sourceTree = "<group>";
		};
		844268CC25F5946300C6625D /* Controller */ = {
			isa = PBXGroup;
			children = (
				844268B225F58DED00C6625D /* ViewController.swift */,
				843F8A7825FACFA5009EC810 /* DetailViewController.swift */,
			);
			path = Controller;
			sourceTree = "<group>";
		};
/* End PBXGroup section */

/* Begin PBXNativeTarget section */
		844268AA25F58DED00C6625D /* CountryInfo */ = {
			isa = PBXNativeTarget;
			buildConfigurationList = 844268BF25F58DF000C6625D /* Build configuration list for PBXNativeTarget "CountryInfo" */;
			buildPhases = (
				844268A725F58DED00C6625D /* Sources */,
				844268A825F58DED00C6625D /* Frameworks */,
				844268A925F58DED00C6625D /* Resources */,
			);
			buildRules = (
			);
			dependencies = (
			);
			name = CountryInfo;
			productName = CountryInfo;
			productReference = 844268AB25F58DED00C6625D /* CountryInfo.app */;
			productType = "com.apple.product-type.application";
		};
/* End PBXNativeTarget section */

/* Begin PBXProject section */
		844268A325F58DED00C6625D /* Project object */ = {
			isa = PBXProject;
			attributes = {
				LastSwiftUpdateCheck = 1240;
				LastUpgradeCheck = 1240;
				TargetAttributes = {
					844268AA25F58DED00C6625D = {
						CreatedOnToolsVersion = 12.4;
					};
				};
			};
			buildConfigurationList = 844268A625F58DED00C6625D /* Build configuration list for PBXProject "CountryInfo" */;
			compatibilityVersion = "Xcode 9.3";
			developmentRegion = en;
			hasScannedForEncodings = 0;
			knownRegions = (
				en,
				Base,
			);
			mainGroup = 844268A225F58DED00C6625D;
			productRefGroup = 844268AC25F58DED00C6625D /* Products */;
			projectDirPath = "";
			projectRoot = "";
			targets = (
				844268AA25F58DED00C6625D /* CountryInfo */,
			);
		};
/* End PBXProject section */

/* Begin PBXResourcesBuildPhase section */
		844268A925F58DED00C6625D /* Resources */ = {
			isa = PBXResourcesBuildPhase;
			buildActionMask = 2147483647;
			files = (
				844268BB25F58DF000C6625D /* LaunchScreen.storyboard in Resources */,
				844268B825F58DF000C6625D /* Assets.xcassets in Resources */,
				844268C525F590D100C6625D /* countries.json in Resources */,
				844268B625F58DED00C6625D /* Main.storyboard in Resources */,
			);
			runOnlyForDeploymentPostprocessing = 0;
		};
/* End PBXResourcesBuildPhase section */

/* Begin PBXSourcesBuildPhase section */
		844268A725F58DED00C6625D /* Sources */ = {
			isa = PBXSourcesBuildPhase;
			buildActionMask = 2147483647;
			files = (
				844268C825F593B300C6625D /* CountryTableViewCell.swift in Sources */,
				844268B325F58DED00C6625D /* ViewController.swift in Sources */,
				844268AF25F58DED00C6625D /* AppDelegate.swift in Sources */,
				843F8A7925FACFA5009EC810 /* DetailViewController.swift in Sources */,
				844268CE25F5948400C6625D /* Country.swift in Sources */,
				844268B125F58DED00C6625D /* SceneDelegate.swift in Sources */,
			);
			runOnlyForDeploymentPostprocessing = 0;
		};
/* End PBXSourcesBuildPhase section */

/* Begin PBXVariantGroup section */
		844268B425F58DED00C6625D /* Main.storyboard */ = {
			isa = PBXVariantGroup;
			children = (
				844268B525F58DED00C6625D /* Base */,
			);
			name = Main.storyboard;
			sourceTree = "<group>";
		};
		844268B925F58DF000C6625D /* LaunchScreen.storyboard */ = {
			isa = PBXVariantGroup;
			children = (
				844268BA25F58DF000C6625D /* Base */,
			);
			name = LaunchScreen.storyboard;
			sourceTree = "<group>";
		};
/* End PBXVariantGroup section */

/* Begin XCBuildConfiguration section */
		844268BD25F58DF000C6625D /* Debug */ = {
			isa = XCBuildConfiguration;
			buildSettings = {
				ALWAYS_SEARCH_USER_PATHS = NO;
				CLANG_ANALYZER_NONNULL = YES;
				CLANG_ANALYZER_NUMBER_OBJECT_CONVERSION = YES_AGGRESSIVE;
				CLANG_CXX_LANGUAGE_STANDARD = "gnu++14";
				CLANG_CXX_LIBRARY = "libc++";
				CLANG_ENABLE_MODULES = YES;
				CLANG_ENABLE_OBJC_ARC = YES;
				CLANG_ENABLE_OBJC_WEAK = YES;
				CLANG_WARN_BLOCK_CAPTURE_AUTORELEASING = YES;
				CLANG_WARN_BOOL_CONVERSION = YES;
				CLANG_WARN_COMMA = YES;
				CLANG_WARN_CONSTANT_CONVERSION = YES;
				CLANG_WARN_DEPRECATED_OBJC_IMPLEMENTATIONS = YES;
				CLANG_WARN_DIRECT_OBJC_ISA_USAGE = YES_ERROR;
				CLANG_WARN_DOCUMENTATION_COMMENTS = YES;
				CLANG_WARN_EMPTY_BODY = YES;
				CLANG_WARN_ENUM_CONVERSION = YES;
				CLANG_WARN_INFINITE_RECURSION = YES;
				CLANG_WARN_INT_CONVERSION = YES;
				CLANG_WARN_NON_LITERAL_NULL_CONVERSION = YES;
				CLANG_WARN_OBJC_IMPLICIT_RETAIN_SELF = YES;
				CLANG_WARN_OBJC_LITERAL_CONVERSION = YES;
				CLANG_WARN_OBJC_ROOT_CLASS = YES_ERROR;
				CLANG_WARN_QUOTED_INCLUDE_IN_FRAMEWORK_HEADER = YES;
				CLANG_WARN_RANGE_LOOP_ANALYSIS = YES;
				CLANG_WARN_STRICT_PROTOTYPES = YES;
				CLANG_WARN_SUSPICIOUS_MOVE = YES;
				CLANG_WARN_UNGUARDED_AVAILABILITY = YES_AGGRESSIVE;
				CLANG_WARN_UNREACHABLE_CODE = YES;
				CLANG_WARN__DUPLICATE_METHOD_MATCH = YES;
				COPY_PHASE_STRIP = NO;
				DEBUG_INFORMATION_FORMAT = dwarf;
				ENABLE_STRICT_OBJC_MSGSEND = YES;
				ENABLE_TESTABILITY = YES;
				GCC_C_LANGUAGE_STANDARD = gnu11;
				GCC_DYNAMIC_NO_PIC = NO;
				GCC_NO_COMMON_BLOCKS = YES;
				GCC_OPTIMIZATION_LEVEL = 0;
				GCC_PREPROCESSOR_DEFINITIONS = (
					"DEBUG=1",
					"$(inherited)",
				);
				GCC_WARN_64_TO_32_BIT_CONVERSION = YES;
				GCC_WARN_ABOUT_RETURN_TYPE = YES_ERROR;
				GCC_WARN_UNDECLARED_SELECTOR = YES;
				GCC_WARN_UNINITIALIZED_AUTOS = YES_AGGRESSIVE;
				GCC_WARN_UNUSED_FUNCTION = YES;
				GCC_WARN_UNUSED_VARIABLE = YES;
				IPHONEOS_DEPLOYMENT_TARGET = 14.4;
				MTL_ENABLE_DEBUG_INFO = INCLUDE_SOURCE;
				MTL_FAST_MATH = YES;
				ONLY_ACTIVE_ARCH = YES;
				SDKROOT = iphoneos;
				SWIFT_ACTIVE_COMPILATION_CONDITIONS = DEBUG;
				SWIFT_OPTIMIZATION_LEVEL = "-Onone";
			};
			name = Debug;
		};
		844268BE25F58DF000C6625D /* Release */ = {
			isa = XCBuildConfiguration;
			buildSettings = {
				ALWAYS_SEARCH_USER_PATHS = NO;
				CLANG_ANALYZER_NONNULL = YES;
				CLANG_ANALYZER_NUMBER_OBJECT_CONVERSION = YES_AGGRESSIVE;
				CLANG_CXX_LANGUAGE_STANDARD = "gnu++14";
				CLANG_CXX_LIBRARY = "libc++";
				CLANG_ENABLE_MODULES = YES;
				CLANG_ENABLE_OBJC_ARC = YES;
				CLANG_ENABLE_OBJC_WEAK = YES;
				CLANG_WARN_BLOCK_CAPTURE_AUTORELEASING = YES;
				CLANG_WARN_BOOL_CONVERSION = YES;
				CLANG_WARN_COMMA = YES;
				CLANG_WARN_CONSTANT_CONVERSION = YES;
				CLANG_WARN_DEPRECATED_OBJC_IMPLEMENTATIONS = YES;
				CLANG_WARN_DIRECT_OBJC_ISA_USAGE = YES_ERROR;
				CLANG_WARN_DOCUMENTATION_COMMENTS = YES;
				CLANG_WARN_EMPTY_BODY = YES;
				CLANG_WARN_ENUM_CONVERSION = YES;
				CLANG_WARN_INFINITE_RECURSION = YES;
				CLANG_WARN_INT_CONVERSION = YES;
				CLANG_WARN_NON_LITERAL_NULL_CONVERSION = YES;
				CLANG_WARN_OBJC_IMPLICIT_RETAIN_SELF = YES;
				CLANG_WARN_OBJC_LITERAL_CONVERSION = YES;
				CLANG_WARN_OBJC_ROOT_CLASS = YES_ERROR;
				CLANG_WARN_QUOTED_INCLUDE_IN_FRAMEWORK_HEADER = YES;
				CLANG_WARN_RANGE_LOOP_ANALYSIS = YES;
				CLANG_WARN_STRICT_PROTOTYPES = YES;
				CLANG_WARN_SUSPICIOUS_MOVE = YES;
				CLANG_WARN_UNGUARDED_AVAILABILITY = YES_AGGRESSIVE;
				CLANG_WARN_UNREACHABLE_CODE = YES;
				CLANG_WARN__DUPLICATE_METHOD_MATCH = YES;
				COPY_PHASE_STRIP = NO;
				DEBUG_INFORMATION_FORMAT = "dwarf-with-dsym";
				ENABLE_NS_ASSERTIONS = NO;
				ENABLE_STRICT_OBJC_MSGSEND = YES;
				GCC_C_LANGUAGE_STANDARD = gnu11;
				GCC_NO_COMMON_BLOCKS = YES;
				GCC_WARN_64_TO_32_BIT_CONVERSION = YES;
				GCC_WARN_ABOUT_RETURN_TYPE = YES_ERROR;
				GCC_WARN_UNDECLARED_SELECTOR = YES;
				GCC_WARN_UNINITIALIZED_AUTOS = YES_AGGRESSIVE;
				GCC_WARN_UNUSED_FUNCTION = YES;
				GCC_WARN_UNUSED_VARIABLE = YES;
				IPHONEOS_DEPLOYMENT_TARGET = 14.4;
				MTL_ENABLE_DEBUG_INFO = NO;
				MTL_FAST_MATH = YES;
				SDKROOT = iphoneos;
				SWIFT_COMPILATION_MODE = wholemodule;
				SWIFT_OPTIMIZATION_LEVEL = "-O";
				VALIDATE_PRODUCT = YES;
			};
			name = Release;
		};
		844268C025F58DF000C6625D /* Debug */ = {
			isa = XCBuildConfiguration;
			buildSettings = {
				ASSETCATALOG_COMPILER_APPICON_NAME = AppIcon;
				ASSETCATALOG_COMPILER_GLOBAL_ACCENT_COLOR_NAME = AccentColor;
				CODE_SIGN_STYLE = Automatic;
				DEVELOPMENT_TEAM = 8HS35WKYD8;
				INFOPLIST_FILE = CountryInfo/Info.plist;
				LD_RUNPATH_SEARCH_PATHS = (
					"$(inherited)",
					"@executable_path/Frameworks",
				);
				PRODUCT_BUNDLE_IDENTIFIER = joaoCervo.CountryInfo;
				PRODUCT_NAME = "$(TARGET_NAME)";
				SWIFT_VERSION = 5.0;
				TARGETED_DEVICE_FAMILY = "1,2";
			};
			name = Debug;
		};
		844268C125F58DF000C6625D /* Release */ = {
			isa = XCBuildConfiguration;
			buildSettings = {
				ASSETCATALOG_COMPILER_APPICON_NAME = AppIcon;
				ASSETCATALOG_COMPILER_GLOBAL_ACCENT_COLOR_NAME = AccentColor;
				CODE_SIGN_STYLE = Automatic;
				DEVELOPMENT_TEAM = 8HS35WKYD8;
				INFOPLIST_FILE = CountryInfo/Info.plist;
				LD_RUNPATH_SEARCH_PATHS = (
					"$(inherited)",
					"@executable_path/Frameworks",
				);
				PRODUCT_BUNDLE_IDENTIFIER = joaoCervo.CountryInfo;
				PRODUCT_NAME = "$(TARGET_NAME)";
				SWIFT_VERSION = 5.0;
				TARGETED_DEVICE_FAMILY = "1,2";
			};
			name = Release;
		};
/* End XCBuildConfiguration section */

/* Begin XCConfigurationList section */
		844268A625F58DED00C6625D /* Build configuration list for PBXProject "CountryInfo" */ = {
			isa = XCConfigurationList;
			buildConfigurations = (
				844268BD25F58DF000C6625D /* Debug */,
				844268BE25F58DF000C6625D /* Release */,
			);
			defaultConfigurationIsVisible = 0;
			defaultConfigurationName = Release;
		};
		844268BF25F58DF000C6625D /* Build configuration list for PBXNativeTarget "CountryInfo" */ = {
			isa = XCConfigurationList;
			buildConfigurations = (
				844268C025F58DF000C6625D /* Debug */,
				844268C125F58DF000C6625D /* Release */,
			);
			defaultConfigurationIsVisible = 0;
			defaultConfigurationName = Release;
		};
/* End XCConfigurationList section */
	};
	rootObject = 844268A325F58DED00C6625D /* Project object */;
}
